Microsoft Visual Studio Solution File, Format Version 11.00
# Visual Studio 2008

Project("{A074705C-F3DF-76E6-085B-3A007B99DF74}") = "digwater", "Assembly-CSharp.csproj", "{B6EB0E6E-8DF7-4AC7-528F-BCCE365350A8}"
EndProject
Project("{A074705C-F3DF-76E6-085B-3A007B99DF74}") = "digwater", "Assembly-CSharp-Editor.csproj", "{268BD768-F8FB-78C2-06E7-960C012D0C7F}"
EndProject
Global
	GlobalSection(SolutionConfigurationPlatforms) = preSolution
		Debug|Any CPU = Debug|Any CPU
		Release|Any CPU = Release|Any CPU
	EndGlobalSection
	GlobalSection(ProjectConfigurationPlatforms) = postSolution
		{B6EB0E6E-8DF7-4AC7-528F-BCCE365350A8}.Debug|Any CPU.ActiveCfg = Debug|Any CPU
		{B6EB0E6E-8DF7-4AC7-528F-BCCE365350A8}.Debug|Any CPU.Build.0 = Debug|Any CPU
		{B6EB0E6E-8DF7-4AC7-528F-BCCE365350A8}.Release|Any CPU.ActiveCfg = Release|Any CPU
		{B6EB0E6E-8DF7-4AC7-528F-BCCE365350A8}.Release|Any CPU.Build.0 = Release|Any CPU
		{268BD768-F8FB-78C2-06E7-960C012D0C7F}.Debug|Any CPU.ActiveCfg = Debug|Any CPU
		{268BD768-F8FB-78C2-06E7-960C012D0C7F}.Debug|Any CPU.Build.0 = Debug|Any CPU
		{268BD768-F8FB-78C2-06E7-960C012D0C7F}.Release|Any CPU.ActiveCfg = Release|Any CPU
		{268BD768-F8FB-78C2-06E7-960C012D0C7F}.Release|Any CPU.Build.0 = Release|Any CPU
	EndGlobalSection
	GlobalSection(SolutionProperties) = preSolution
		HideSolutionNode = FALSE
	EndGlobalSection
	GlobalSection(MonoDevelopProperties) = preSolution
		StartupItem = Assembly-CSharp.csproj
	EndGlobalSection
EndGlobal
